// !$*UTF8*$!
{
	archiveVersion = 1;
	classes = {
	};
	objectVersion = 46;
	objects = {

/* Begin PBXBuildFile section */
		794FE2871C56366100FEA590 /* AppDelegate.swift in Sources */ = {isa = PBXBuildFile; fileRef = 794FE2861C56366100FEA590 /* AppDelegate.swift */; };
		794FE2891C56366100FEA590 /* ViewController.swift in Sources */ = {isa = PBXBuildFile; fileRef = 794FE2881C56366100FEA590 /* ViewController.swift */; };
		794FE28C1C56366100FEA590 /* Main.storyboard in Resources */ = {isa = PBXBuildFile; fileRef = 794FE28A1C56366100FEA590 /* Main.storyboard */; };
		794FE28E1C56366100FEA590 /* Assets.xcassets in Resources */ = {isa = PBXBuildFile; fileRef = 794FE28D1C56366100FEA590 /* Assets.xcassets */; };
		794FE2911C56366100FEA590 /* LaunchScreen.storyboard in Resources */ = {isa = PBXBuildFile; fileRef = 794FE28F1C56366100FEA590 /* LaunchScreen.storyboard */; };
		794FE29C1C56366100FEA590 /* PhoodTests.swift in Sources */ = {isa = PBXBuildFile; fileRef = 794FE29B1C56366100FEA590 /* PhoodTests.swift */; };
/* End PBXBuildFile section */

/* Begin PBXContainerItemProxy section */
		794FE2981C56366100FEA590 /* PBXContainerItemProxy */ = {
			isa = PBXContainerItemProxy;
			containerPortal = 794FE27B1C56366100FEA590 /* Project object */;
			proxyType = 1;
			remoteGlobalIDString = 794FE2821C56366100FEA590;
			remoteInfo = Phood;
		};
/* End PBXContainerItemProxy section */

/* Begin PBXFileReference section */
		794FE2831C56366100FEA590 /* Phood.app */ = {isa = PBXFileReference; explicitFileType = wrapper.application; includeInIndex = 0; path = Phood.app; sourceTree = BUILT_PRODUCTS_DIR; };
		794FE2861C56366100FEA590 /* AppDelegate.swift */ = {isa = PBXFileReference; lastKnownFileType = sourcecode.swift; path = AppDelegate.swift; sourceTree = "<group>"; };
		794FE2881C56366100FEA590 /* ViewController.swift */ = {isa = PBXFileReference; lastKnownFileType = sourcecode.swift; path = ViewController.swift; sourceTree = "<group>"; };
		794FE28B1C56366100FEA590 /* Base */ = {isa = PBXFileReference; lastKnownFileType = file.storyboard; name = Base; path = Base.lproj/Main.storyboard; sourceTree = "<group>"; };
		794FE28D1C56366100FEA590 /* Assets.xcassets */ = {isa = PBXFileReference; lastKnownFileType = folder.assetcatalog; path = Assets.xcassets; sourceTree = "<group>"; };
		794FE2901C56366100FEA590 /* Base */ = {isa = PBXFileReference; lastKnownFileType = file.storyboard; name = Base; path = Base.lproj/LaunchScreen.storyboard; sourceTree = "<group>"; };
		794FE2921C56366100FEA590 /* Info.plist */ = {isa = PBXFileReference; lastKnownFileType = text.plist.xml; path = Info.plist; sourceTree = "<group>"; };
		794FE2971C56366100FEA590 /* PhoodTests.xctest */ = {isa = PBXFileReference; explicitFileType = wrapper.cfbundle; includeInIndex = 0; path = PhoodTests.xctest; sourceTree = BUILT_PRODUCTS_DIR; };
		794FE29B1C56366100FEA590 /* PhoodTests.swift */ = {isa = PBXFileReference; lastKnownFileType = sourcecode.swift; path = PhoodTests.swift; sourceTree = "<group>"; };
		794FE29D1C56366100FEA590 /* Info.plist */ = {isa = PBXFileReference; lastKnownFileType = text.plist.xml; path = Info.plist; sourceTree = "<group>"; };
/* End PBXFileReference section */

/* Begin PBXFrameworksBuildPhase section */
		794FE2801C56366100FEA590 /* Frameworks */ = {
			isa = PBXFrameworksBuildPhase;
			buildActionMask = 2147483647;
			files = (
			);
			runOnlyForDeploymentPostprocessing = 0;
		};
		794FE2941C56366100FEA590 /* Frameworks */ = {
			isa = PBXFrameworksBuildPhase;
			buildActionMask = 2147483647;
			files = (
			);
			runOnlyForDeploymentPostprocessing = 0;
		};
/* End PBXFrameworksBuildPhase section */

/* Begin PBXGroup section */
		794FE27A1C56366100FEA590 = {
			isa = PBXGroup;
			children = (
				794FE2851C56366100FEA590 /* Phood */,
				794FE29A1C56366100FEA590 /* PhoodTests */,
				794FE2841C56366100FEA590 /* Products */,
			);
			sourceTree = "<group>";
		};
		794FE2841C56366100FEA590 /* Products */ = {
			isa = PBXGroup;
			children = (
				794FE2831C56366100FEA590 /* Phood.app */,
				794FE2971C56366100FEA590 /* PhoodTests.xctest */,
			);
			name = Products;
			sourceTree = "<group>";
		};
		794FE2851C56366100FEA590 /* Phood */ = {
			isa = PBXGroup;
			children = (
				794FE2861C56366100FEA590 /* AppDelegate.swift */,
				794FE2881C56366100FEA590 /* ViewController.swift */,
				794FE28A1C56366100FEA590 /* Main.storyboard */,
				794FE28D1C56366100FEA590 /* Assets.xcassets */,
				794FE28F1C56366100FEA590 /* LaunchScreen.storyboard */,
				794FE2921C56366100FEA590 /* Info.plist */,
			);
			path = Phood;
			sourceTree = "<group>";
		};
		794FE29A1C56366100FEA590 /* PhoodTests */ = {
			isa = PBXGroup;
			children = (
				794FE29B1C56366100FEA590 /* PhoodTests.swift */,
				794FE29D1C56366100FEA590 /* Info.plist */,
			);
			path = PhoodTests;
			sourceTree = "<group>";
		};
/* End PBXGroup section */

/* Begin PBXNativeTarget section */
		794FE2821C56366100FEA590 /* Phood */ = {
			isa = PBXNativeTarget;
			buildConfigurationList = 794FE2A01C56366100FEA590 /* Build configuration list for PBXNativeTarget "Phood" */;
			buildPhases = (
				794FE27F1C56366100FEA590 /* Sources */,
				794FE2801C56366100FEA590 /* Frameworks */,
				794FE2811C56366100FEA590 /* Resources */,
			);
			buildRules = (
			);
			dependencies = (
			);
			name = Phood;
			productName = Phood;
			productReference = 794FE2831C56366100FEA590 /* Phood.app */;
			productType = "com.apple.product-type.application";
		};
		794FE2961C56366100FEA590 /* PhoodTests */ = {
			isa = PBXNativeTarget;
			buildConfigurationList = 794FE2A31C56366100FEA590 /* Build configuration list for PBXNativeTarget "PhoodTests" */;
			buildPhases = (
				794FE2931C56366100FEA590 /* Sources */,
				794FE2941C56366100FEA590 /* Frameworks */,
				794FE2951C56366100FEA590 /* Resources */,
			);
			buildRules = (
			);
			dependencies = (
				794FE2991C56366100FEA590 /* PBXTargetDependency */,
			);
			name = PhoodTests;
			productName = PhoodTests;
			productReference = 794FE2971C56366100FEA590 /* PhoodTests.xctest */;
			productType = "com.apple.product-type.bundle.unit-test";
		};
/* End PBXNativeTarget section */

/* Begin PBXProject section */
		794FE27B1C56366100FEA590 /* Project object */ = {
			isa = PBXProject;
			attributes = {
				LastSwiftUpdateCheck = 0720;
				LastUpgradeCheck = 0720;
				ORGANIZATIONNAME = "AC-FTW";
				TargetAttributes = {
					794FE2821C56366100FEA590 = {
						CreatedOnToolsVersion = 7.2;
						DevelopmentTeam = QW96BRV3F6;
					};
					794FE2961C56366100FEA590 = {
						CreatedOnToolsVersion = 7.2;
						DevelopmentTeam = QW96BRV3F6;
						TestTargetID = 794FE2821C56366100FEA590;
					};
				};
			};
			buildConfigurationList = 794FE27E1C56366100FEA590 /* Build configuration list for PBXProject "Phood" */;
			compatibilityVersion = "Xcode 3.2";
			developmentRegion = English;
			hasScannedForEncodings = 0;
			knownRegions = (
				en,
				Base,
			);
			mainGroup = 794FE27A1C56366100FEA590;
			productRefGroup = 794FE2841C56366100FEA590 /* Products */;
			projectDirPath = "";
			projectRoot = "";
			targets = (
				794FE2821C56366100FEA590 /* Phood */,
				794FE2961C56366100FEA590 /* PhoodTests */,
			);
		};
/* End PBXProject section */

/* Begin PBXResourcesBuildPhase section */
		794FE2811C56366100FEA590 /* Resources */ = {
			isa = PBXResourcesBuildPhase;
			buildActionMask = 2147483647;
			files = (
				794FE2911C56366100FEA590 /* LaunchScreen.storyboard in Resources */,
				794FE28E1C56366100FEA590 /* Assets.xcassets in Resources */,
				794FE28C1C56366100FEA590 /* Main.storyboard in Resources */,
			);
			runOnlyForDeploymentPostprocessing = 0;
		};
		794FE2951C56366100FEA590 /* Resources */ = {
			isa = PBXResourcesBuildPhase;
			buildActionMask = 2147483647;
			files = (
			);
			runOnlyForDeploymentPostprocessing = 0;
		};
/* End PBXResourcesBuildPhase section */

/* Begin PBXSourcesBuildPhase section */
		794FE27F1C56366100FEA590 /* Sources */ = {
			isa = PBXSourcesBuildPhase;
			buildActionMask = 2147483647;
			files = (
				794FE2891C56366100FEA590 /* ViewController.swift in Sources */,
				794FE2871C56366100FEA590 /* AppDelegate.swift in Sources */,
			);
			runOnlyForDeploymentPostprocessing = 0;
		};
		794FE2931C56366100FEA590 /* Sources */ = {
			isa = PBXSourcesBuildPhase;
			buildActionMask = 2147483647;
			files = (
				794FE29C1C56366100FEA590 /* PhoodTests.swift in Sources */,
			);
			runOnlyForDeploymentPostprocessing = 0;
		};
/* End PBXSourcesBuildPhase section */

/* Begin PBXTargetDependency section */
		794FE2991C56366100FEA590 /* PBXTargetDependency */ = {
			isa = PBXTargetDependency;
			target = 794FE2821C56366100FEA590 /* Phood */;
			targetProxy = 794FE2981C56366100FEA590 /* PBXContainerItemProxy */;
		};
/* End PBXTargetDependency section */

/* Begin PBXVariantGroup section */
		794FE28A1C56366100FEA590 /* Main.storyboard */ = {
			isa = PBXVariantGroup;
			children = (
				794FE28B1C56366100FEA590 /* Base */,
			);
			name = Main.storyboard;
			sourceTree = "<group>";
		};
		794FE28F1C56366100FEA590 /* LaunchScreen.storyboard */ = {
			isa = PBXVariantGroup;
			children = (
				794FE2901C56366100FEA590 /* Base */,
			);
			name = LaunchScreen.storyboard;
			sourceTree = "<group>";
		};
/* End PBXVariantGroup section */

/* Begin XCBuildConfiguration section */
		794FE29E1C56366100FEA590 /* Debug */ = {
			isa = XCBuildConfiguration;
			buildSettings = {
				ALWAYS_SEARCH_USER_PATHS = NO;
				CLANG_CXX_LANGUAGE_STANDARD = "gnu++0x";
				CLANG_CXX_LIBRARY = "libc++";
				CLANG_ENABLE_MODULES = YES;
				CLANG_ENABLE_OBJC_ARC = YES;
				CLANG_WARN_BOOL_CONVERSION = YES;
				CLANG_WARN_CONSTANT_CONVERSION = YES;
				CLANG_WARN_DIRECT_OBJC_ISA_USAGE = YES_ERROR;
				CLANG_WARN_EMPTY_BODY = YES;
				CLANG_WARN_ENUM_CONVERSION = YES;
				CLANG_WARN_INT_CONVERSION = YES;
				CLANG_WARN_OBJC_ROOT_CLASS = YES_ERROR;
				CLANG_WARN_UNREACHABLE_CODE = YES;
				CLANG_WARN__DUPLICATE_METHOD_MATCH = YES;
				"CODE_SIGN_IDENTITY[sdk=iphoneos*]" = "iPhone Developer";
				COPY_PHASE_STRIP = NO;
				DEBUG_INFORMATION_FORMAT = dwarf;
				ENABLE_STRICT_OBJC_MSGSEND = YES;
				ENABLE_TESTABILITY = YES;
				GCC_C_LANGUAGE_STANDARD = gnu99;
				GCC_DYNAMIC_NO_PIC = NO;
				GCC_NO_COMMON_BLOCKS = YES;
				GCC_OPTIMIZATION_LEVEL = 0;
				GCC_PREPROCESSOR_DEFINITIONS = (
					"DEBUG=1",
					"$(inherited)",
				);
				GCC_WARN_64_TO_32_BIT_CONVERSION = YES;
				GCC_WARN_ABOUT_RETURN_TYPE = YES_ERROR;
				GCC_WARN_UNDECLARED_SELECTOR = YES;
				GCC_WARN_UNINITIALIZED_AUTOS = YES_AGGRESSIVE;
				GCC_WARN_UNUSED_FUNCTION = YES;
				GCC_WARN_UNUSED_VARIABLE = YES;
				IPHONEOS_DEPLOYMENT_TARGET = 9.2;
				MTL_ENABLE_DEBUG_INFO = YES;
				ONLY_ACTIVE_ARCH = YES;
				SDKROOT = iphoneos;
				SWIFT_OPTIMIZATION_LEVEL = "-Onone";
				TARGETED_DEVICE_FAMILY = "1,2";
			};
			name = Debug;
		};
		794FE29F1C56366100FEA590 /* Release */ = {
			isa = XCBuildConfiguration;
			buildSettings = {
				ALWAYS_SEARCH_USER_PATHS = NO;
				CLANG_CXX_LANGUAGE_STANDARD = "gnu++0x";
				CLANG_CXX_LIBRARY = "libc++";
				CLANG_ENABLE_MODULES = YES;
				CLANG_ENABLE_OBJC_ARC = YES;
				CLANG_WARN_BOOL_CONVERSION = YES;
				CLANG_WARN_CONSTANT_CONVERSION = YES;
				CLANG_WARN_DIRECT_OBJC_ISA_USAGE = YES_ERROR;
				CLANG_WARN_EMPTY_BODY = YES;
				CLANG_WARN_ENUM_CONVERSION = YES;
				CLANG_WARN_INT_CONVERSION = YES;
				CLANG_WARN_OBJC_ROOT_CLASS = YES_ERROR;
				CLANG_WARN_UNREACHABLE_CODE = YES;
				CLANG_WARN__DUPLICATE_METHOD_MATCH = YES;
				"CODE_SIGN_IDENTITY[sdk=iphoneos*]" = "iPhone Developer";
				COPY_PHASE_STRIP = NO;
				DEBUG_INFORMATION_FORMAT = "dwarf-with-dsym";
				ENABLE_NS_ASSERTIONS = NO;
				ENABLE_STRICT_OBJC_MSGSEND = YES;
				GCC_C_LANGUAGE_STANDARD = gnu99;
				GCC_NO_COMMON_BLOCKS = YES;
				GCC_WARN_64_TO_32_BIT_CONVERSION = YES;
				GCC_WARN_ABOUT_RETURN_TYPE = YES_ERROR;
				GCC_WARN_UNDECLARED_SELECTOR = YES;
				GCC_WARN_UNINITIALIZED_AUTOS = YES_AGGRESSIVE;
				GCC_WARN_UNUSED_FUNCTION = YES;
				GCC_WARN_UNUSED_VARIABLE = YES;
				IPHONEOS_DEPLOYMENT_TARGET = 9.2;
				MTL_ENABLE_DEBUG_INFO = NO;
				SDKROOT = iphoneos;
				TARGETED_DEVICE_FAMILY = "1,2";
				VALIDATE_PRODUCT = YES;
			};
			name = Release;
		};
		794FE2A11C56366100FEA590 /* Debug */ = {
			isa = XCBuildConfiguration;
			buildSettings = {
				ASSETCATALOG_COMPILER_APPICON_NAME = AppIcon;
				INFOPLIST_FILE = Phood/Info.plist;
				LD_RUNPATH_SEARCH_PATHS = "$(inherited) @executable_path/Frameworks";
				PRODUCT_BUNDLE_IDENTIFIER = com.example.Phood;
				PRODUCT_NAME = "$(TARGET_NAME)";
			};
			name = Debug;
		};
		794FE2A21C56366100FEA590 /* Release */ = {
			isa = XCBuildConfiguration;
			buildSettings = {
				ASSETCATALOG_COMPILER_APPICON_NAME = AppIcon;
				INFOPLIST_FILE = Phood/Info.plist;
				LD_RUNPATH_SEARCH_PATHS = "$(inherited) @executable_path/Frameworks";
				PRODUCT_BUNDLE_IDENTIFIER = com.example.Phood;
				PRODUCT_NAME = "$(TARGET_NAME)";
			};
			name = Release;
		};
		794FE2A41C56366100FEA590 /* Debug */ = {
			isa = XCBuildConfiguration;
			buildSettings = {
				BUNDLE_LOADER = "$(TEST_HOST)";
				INFOPLIST_FILE = PhoodTests/Info.plist;
				LD_RUNPATH_SEARCH_PATHS = "$(inherited) @executable_path/Frameworks @loader_path/Frameworks";
				PRODUCT_BUNDLE_IDENTIFIER = com.example.PhoodTests;
				PRODUCT_NAME = "$(TARGET_NAME)";
				TEST_HOST = "$(BUILT_PRODUCTS_DIR)/Phood.app/Phood";
			};
			name = Debug;
		};
		794FE2A51C56366100FEA590 /* Release */ = {
			isa = XCBuildConfiguration;
			buildSettings = {
				BUNDLE_LOADER = "$(TEST_HOST)";
				INFOPLIST_FILE = PhoodTests/Info.plist;
				LD_RUNPATH_SEARCH_PATHS = "$(inherited) @executable_path/Frameworks @loader_path/Frameworks";
				PRODUCT_BUNDLE_IDENTIFIER = com.example.PhoodTests;
				PRODUCT_NAME = "$(TARGET_NAME)";
				TEST_HOST = "$(BUILT_PRODUCTS_DIR)/Phood.app/Phood";
			};
			name = Release;
		};
/* End XCBuildConfiguration section */

/* Begin XCConfigurationList section */
		794FE27E1C56366100FEA590 /* Build configuration list for PBXProject "Phood" */ = {
			isa = XCConfigurationList;
			buildConfigurations = (
				794FE29E1C56366100FEA590 /* Debug */,
				794FE29F1C56366100FEA590 /* Release */,
			);
			defaultConfigurationIsVisible = 0;
			defaultConfigurationName = Release;
		};
		794FE2A01C56366100FEA590 /* Build configuration list for PBXNativeTarget "Phood" */ = {
			isa = XCConfigurationList;
			buildConfigurations = (
				794FE2A11C56366100FEA590 /* Debug */,
				794FE2A21C56366100FEA590 /* Release */,
			);
			defaultConfigurationIsVisible = 0;
		};
		794FE2A31C56366100FEA590 /* Build configuration list for PBXNativeTarget "PhoodTests" */ = {
			isa = XCConfigurationList;
			buildConfigurations = (
				794FE2A41C56366100FEA590 /* Debug */,
				794FE2A51C56366100FEA590 /* Release */,
			);
			defaultConfigurationIsVisible = 0;
		};
/* End XCConfigurationList section */
	};
	rootObject = 794FE27B1C56366100FEA590 /* Project object */;
}
